// !$*UTF8*$!
{
	archiveVersion = 1;
	classes = {
	};
	objectVersion = 50;
	objects = {

/* Begin PBXBuildFile section */
		7A66EF0526C92F9300E657E5 /* AnswersView.swift in Sources */ = {isa = PBXBuildFile; fileRef = 7A66EF0426C92F9300E657E5 /* AnswersView.swift */; };
		7A66EF0826C9646100E657E5 /* AFiewCars.swift in Sources */ = {isa = PBXBuildFile; fileRef = 7A66EF0726C9646100E657E5 /* AFiewCars.swift */; };
		7A7DAFF526C770E300ACF075 /* homeWork3_6App.swift in Sources */ = {isa = PBXBuildFile; fileRef = 7A7DAFF426C770E300ACF075 /* homeWork3_6App.swift */; };
		7A7DAFF726C770E300ACF075 /* ContentView.swift in Sources */ = {isa = PBXBuildFile; fileRef = 7A7DAFF626C770E300ACF075 /* ContentView.swift */; };
		7A7DAFF926C770E600ACF075 /* Assets.xcassets in Resources */ = {isa = PBXBuildFile; fileRef = 7A7DAFF826C770E600ACF075 /* Assets.xcassets */; };
		7A7DAFFC26C770E600ACF075 /* Preview Assets.xcassets in Resources */ = {isa = PBXBuildFile; fileRef = 7A7DAFFB26C770E600ACF075 /* Preview Assets.xcassets */; };
		7A7DB00426C7727700ACF075 /* RoadView.swift in Sources */ = {isa = PBXBuildFile; fileRef = 7A7DB00326C7727700ACF075 /* RoadView.swift */; };
		7A7DB00826C88A4900ACF075 /* MainCarView.swift in Sources */ = {isa = PBXBuildFile; fileRef = 7A7DB00726C88A4900ACF075 /* MainCarView.swift */; };
		7A7DB00A26C8EBF600ACF075 /* OneCarView.swift in Sources */ = {isa = PBXBuildFile; fileRef = 7A7DB00926C8EBF600ACF075 /* OneCarView.swift */; };
		7A7DB00C26C8FD0800ACF075 /* TreeView.swift in Sources */ = {isa = PBXBuildFile; fileRef = 7A7DB00B26C8FD0800ACF075 /* TreeView.swift */; };
		7A7DB00E26C90EED00ACF075 /* RoadGameView.swift in Sources */ = {isa = PBXBuildFile; fileRef = 7A7DB00D26C90EED00ACF075 /* RoadGameView.swift */; };
		7A7DB01026C90F3200ACF075 /* LotteryGameView.swift in Sources */ = {isa = PBXBuildFile; fileRef = 7A7DB00F26C90F3200ACF075 /* LotteryGameView.swift */; };
		7A7DB01226C9120500ACF075 /* CircleView.swift in Sources */ = {isa = PBXBuildFile; fileRef = 7A7DB01126C9120500ACF075 /* CircleView.swift */; };
/* End PBXBuildFile section */

/* Begin PBXFileReference section */
		7A66EF0426C92F9300E657E5 /* AnswersView.swift */ = {isa = PBXFileReference; lastKnownFileType = sourcecode.swift; path = AnswersView.swift; sourceTree = "<group>"; };
		7A66EF0726C9646100E657E5 /* AFiewCars.swift */ = {isa = PBXFileReference; lastKnownFileType = sourcecode.swift; path = AFiewCars.swift; sourceTree = "<group>"; };
		7A7DAFF126C770E300ACF075 /* homeWork3.6.app */ = {isa = PBXFileReference; explicitFileType = wrapper.application; includeInIndex = 0; path = homeWork3.6.app; sourceTree = BUILT_PRODUCTS_DIR; };
		7A7DAFF426C770E300ACF075 /* homeWork3_6App.swift */ = {isa = PBXFileReference; lastKnownFileType = sourcecode.swift; path = homeWork3_6App.swift; sourceTree = "<group>"; };
		7A7DAFF626C770E300ACF075 /* ContentView.swift */ = {isa = PBXFileReference; lastKnownFileType = sourcecode.swift; path = ContentView.swift; sourceTree = "<group>"; };
		7A7DAFF826C770E600ACF075 /* Assets.xcassets */ = {isa = PBXFileReference; lastKnownFileType = folder.assetcatalog; path = Assets.xcassets; sourceTree = "<group>"; };
		7A7DAFFB26C770E600ACF075 /* Preview Assets.xcassets */ = {isa = PBXFileReference; lastKnownFileType = folder.assetcatalog; path = "Preview Assets.xcassets"; sourceTree = "<group>"; };
		7A7DAFFD26C770E600ACF075 /* Info.plist */ = {isa = PBXFileReference; lastKnownFileType = text.plist.xml; path = Info.plist; sourceTree = "<group>"; };
		7A7DB00326C7727700ACF075 /* RoadView.swift */ = {isa = PBXFileReference; lastKnownFileType = sourcecode.swift; path = RoadView.swift; sourceTree = "<group>"; };
		7A7DB00726C88A4900ACF075 /* MainCarView.swift */ = {isa = PBXFileReference; lastKnownFileType = sourcecode.swift; path = MainCarView.swift; sourceTree = "<group>"; };
		7A7DB00926C8EBF600ACF075 /* OneCarView.swift */ = {isa = PBXFileReference; lastKnownFileType = sourcecode.swift; path = OneCarView.swift; sourceTree = "<group>"; };
		7A7DB00B26C8FD0800ACF075 /* TreeView.swift */ = {isa = PBXFileReference; lastKnownFileType = sourcecode.swift; path = TreeView.swift; sourceTree = "<group>"; };
		7A7DB00D26C90EED00ACF075 /* RoadGameView.swift */ = {isa = PBXFileReference; lastKnownFileType = sourcecode.swift; path = RoadGameView.swift; sourceTree = "<group>"; };
		7A7DB00F26C90F3200ACF075 /* LotteryGameView.swift */ = {isa = PBXFileReference; lastKnownFileType = sourcecode.swift; path = LotteryGameView.swift; sourceTree = "<group>"; };
		7A7DB01126C9120500ACF075 /* CircleView.swift */ = {isa = PBXFileReference; lastKnownFileType = sourcecode.swift; path = CircleView.swift; sourceTree = "<group>"; };
/* End PBXFileReference section */

/* Begin PBXFrameworksBuildPhase section */
		7A7DAFEE26C770E300ACF075 /* Frameworks */ = {
			isa = PBXFrameworksBuildPhase;
			buildActionMask = 2147483647;
			files = (
			);
			runOnlyForDeploymentPostprocessing = 0;
		};
/* End PBXFrameworksBuildPhase section */

/* Begin PBXGroup section */
		7A66EF0926C966D700E657E5 /* TabViews */ = {
			isa = PBXGroup;
			children = (
				7A7DAFF626C770E300ACF075 /* ContentView.swift */,
				7A7DB00D26C90EED00ACF075 /* RoadGameView.swift */,
				7A7DB00F26C90F3200ACF075 /* LotteryGameView.swift */,
			);
			path = TabViews;
			sourceTree = "<group>";
		};
		7A66EF0A26C966EC00E657E5 /* Views */ = {
			isa = PBXGroup;
			children = (
				7A7DB00726C88A4900ACF075 /* MainCarView.swift */,
				7A7DB00326C7727700ACF075 /* RoadView.swift */,
				7A7DB00926C8EBF600ACF075 /* OneCarView.swift */,
				7A7DB00B26C8FD0800ACF075 /* TreeView.swift */,
				7A66EF0726C9646100E657E5 /* AFiewCars.swift */,
				7A7DB01126C9120500ACF075 /* CircleView.swift */,
				7A66EF0426C92F9300E657E5 /* AnswersView.swift */,
			);
			path = Views;
			sourceTree = "<group>";
		};
		7A7DAFE826C770E300ACF075 = {
			isa = PBXGroup;
			children = (
				7A7DAFF326C770E300ACF075 /* homeWork3.6 */,
				7A7DAFF226C770E300ACF075 /* Products */,
			);
			sourceTree = "<group>";
		};
		7A7DAFF226C770E300ACF075 /* Products */ = {
			isa = PBXGroup;
			children = (
				7A7DAFF126C770E300ACF075 /* homeWork3.6.app */,
			);
			name = Products;
			sourceTree = "<group>";
		};
		7A7DAFF326C770E300ACF075 /* homeWork3.6 */ = {
			isa = PBXGroup;
			children = (
				7A66EF0926C966D700E657E5 /* TabViews */,
				7A66EF0A26C966EC00E657E5 /* Views */,
				7A7DAFF426C770E300ACF075 /* homeWork3_6App.swift */,
				7A7DAFF826C770E600ACF075 /* Assets.xcassets */,
				7A7DAFFD26C770E600ACF075 /* Info.plist */,
				7A7DAFFA26C770E600ACF075 /* Preview Content */,
			);
			path = homeWork3.6;
			sourceTree = "<group>";
		};
		7A7DAFFA26C770E600ACF075 /* Preview Content */ = {
			isa = PBXGroup;
			children = (
				7A7DAFFB26C770E600ACF075 /* Preview Assets.xcassets */,
			);
			path = "Preview Content";
			sourceTree = "<group>";
		};
/* End PBXGroup section */

/* Begin PBXNativeTarget section */
		7A7DAFF026C770E300ACF075 /* homeWork3.6 */ = {
			isa = PBXNativeTarget;
			buildConfigurationList = 7A7DB00026C770E600ACF075 /* Build configuration list for PBXNativeTarget "homeWork3.6" */;
			buildPhases = (
				7A7DAFED26C770E300ACF075 /* Sources */,
				7A7DAFEE26C770E300ACF075 /* Frameworks */,
				7A7DAFEF26C770E300ACF075 /* Resources */,
			);
			buildRules = (
			);
			dependencies = (
			);
			name = homeWork3.6;
			productName = homeWork3.6;
			productReference = 7A7DAFF126C770E300ACF075 /* homeWork3.6.app */;
			productType = "com.apple.product-type.application";
		};
/* End PBXNativeTarget section */

/* Begin PBXProject section */
		7A7DAFE926C770E300ACF075 /* Project object */ = {
			isa = PBXProject;
			attributes = {
				LastSwiftUpdateCheck = 1250;
				LastUpgradeCheck = 1250;
				TargetAttributes = {
					7A7DAFF026C770E300ACF075 = {
						CreatedOnToolsVersion = 12.5.1;
					};
				};
			};
			buildConfigurationList = 7A7DAFEC26C770E300ACF075 /* Build configuration list for PBXProject "homeWork3.6" */;
			compatibilityVersion = "Xcode 9.3";
			developmentRegion = en;
			hasScannedForEncodings = 0;
			knownRegions = (
				en,
				Base,
			);
			mainGroup = 7A7DAFE826C770E300ACF075;
			productRefGroup = 7A7DAFF226C770E300ACF075 /* Products */;
			projectDirPath = "";
			projectRoot = "";
			targets = (
				7A7DAFF026C770E300ACF075 /* homeWork3.6 */,
			);
		};
/* End PBXProject section */

/* Begin PBXResourcesBuildPhase section */
		7A7DAFEF26C770E300ACF075 /* Resources */ = {
			isa = PBXResourcesBuildPhase;
			buildActionMask = 2147483647;
			files = (
				7A7DAFFC26C770E600ACF075 /* Preview Assets.xcassets in Resources */,
				7A7DAFF926C770E600ACF075 /* Assets.xcassets in Resources */,
			);
			runOnlyForDeploymentPostprocessing = 0;
		};
/* End PBXResourcesBuildPhase section */

/* Begin PBXSourcesBuildPhase section */
		7A7DAFED26C770E300ACF075 /* Sources */ = {
			isa = PBXSourcesBuildPhase;
			buildActionMask = 2147483647;
			files = (
				7A7DB01226C9120500ACF075 /* CircleView.swift in Sources */,
				7A7DB01026C90F3200ACF075 /* LotteryGameView.swift in Sources */,
				7A7DB00826C88A4900ACF075 /* MainCarView.swift in Sources */,
				7A7DAFF726C770E300ACF075 /* ContentView.swift in Sources */,
				7A66EF0526C92F9300E657E5 /* AnswersView.swift in Sources */,
				7A7DB00426C7727700ACF075 /* RoadView.swift in Sources */,
				7A7DB00A26C8EBF600ACF075 /* OneCarView.swift in Sources */,
				7A7DB00C26C8FD0800ACF075 /* TreeView.swift in Sources */,
				7A66EF0826C9646100E657E5 /* AFiewCars.swift in Sources */,
				7A7DB00E26C90EED00ACF075 /* RoadGameView.swift in Sources */,
				7A7DAFF526C770E300ACF075 /* homeWork3_6App.swift in Sources */,
			);
			runOnlyForDeploymentPostprocessing = 0;
		};
/* End PBXSourcesBuildPhase section */

/* Begin XCBuildConfiguration section */
		7A7DAFFE26C770E600ACF075 /* Debug */ = {
			isa = XCBuildConfiguration;
			buildSettings = {
				ALWAYS_SEARCH_USER_PATHS = NO;
				CLANG_ANALYZER_NONNULL = YES;
				CLANG_ANALYZER_NUMBER_OBJECT_CONVERSION = YES_AGGRESSIVE;
				CLANG_CXX_LANGUAGE_STANDARD = "gnu++14";
				CLANG_CXX_LIBRARY = "libc++";
				CLANG_ENABLE_MODULES = YES;
				CLANG_ENABLE_OBJC_ARC = YES;
				CLANG_ENABLE_OBJC_WEAK = YES;
				CLANG_WARN_BLOCK_CAPTURE_AUTORELEASING = YES;
				CLANG_WARN_BOOL_CONVERSION = YES;
				CLANG_WARN_COMMA = YES;
				CLANG_WARN_CONSTANT_CONVERSION = YES;
				CLANG_WARN_DEPRECATED_OBJC_IMPLEMENTATIONS = YES;
				CLANG_WARN_DIRECT_OBJC_ISA_USAGE = YES_ERROR;
				CLANG_WARN_DOCUMENTATION_COMMENTS = YES;
				CLANG_WARN_EMPTY_BODY = YES;
				CLANG_WARN_ENUM_CONVERSION = YES;
				CLANG_WARN_INFINITE_RECURSION = YES;
				CLANG_WARN_INT_CONVERSION = YES;
				CLANG_WARN_NON_LITERAL_NULL_CONVERSION = YES;
				CLANG_WARN_OBJC_IMPLICIT_RETAIN_SELF = YES;
				CLANG_WARN_OBJC_LITERAL_CONVERSION = YES;
				CLANG_WARN_OBJC_ROOT_CLASS = YES_ERROR;
				CLANG_WARN_QUOTED_INCLUDE_IN_FRAMEWORK_HEADER = YES;
				CLANG_WARN_RANGE_LOOP_ANALYSIS = YES;
				CLANG_WARN_STRICT_PROTOTYPES = YES;
				CLANG_WARN_SUSPICIOUS_MOVE = YES;
				CLANG_WARN_UNGUARDED_AVAILABILITY = YES_AGGRESSIVE;
				CLANG_WARN_UNREACHABLE_CODE = YES;
				CLANG_WARN__DUPLICATE_METHOD_MATCH = YES;
				COPY_PHASE_STRIP = NO;
				DEBUG_INFORMATION_FORMAT = dwarf;
				ENABLE_STRICT_OBJC_MSGSEND = YES;
				ENABLE_TESTABILITY = YES;
				GCC_C_LANGUAGE_STANDARD = gnu11;
				GCC_DYNAMIC_NO_PIC = NO;
				GCC_NO_COMMON_BLOCKS = YES;
				GCC_OPTIMIZATION_LEVEL = 0;
				GCC_PREPROCESSOR_DEFINITIONS = (
					"DEBUG=1",
					"$(inherited)",
				);
				GCC_WARN_64_TO_32_BIT_CONVERSION = YES;
				GCC_WARN_ABOUT_RETURN_TYPE = YES_ERROR;
				GCC_WARN_UNDECLARED_SELECTOR = YES;
				GCC_WARN_UNINITIALIZED_AUTOS = YES_AGGRESSIVE;
				GCC_WARN_UNUSED_FUNCTION = YES;
				GCC_WARN_UNUSED_VARIABLE = YES;
				IPHONEOS_DEPLOYMENT_TARGET = 14.5;
				MTL_ENABLE_DEBUG_INFO = INCLUDE_SOURCE;
				MTL_FAST_MATH = YES;
				ONLY_ACTIVE_ARCH = YES;
				SDKROOT = iphoneos;
				SWIFT_ACTIVE_COMPILATION_CONDITIONS = DEBUG;
				SWIFT_OPTIMIZATION_LEVEL = "-Onone";
			};
			name = Debug;
		};
		7A7DAFFF26C770E600ACF075 /* Release */ = {
			isa = XCBuildConfiguration;
			buildSettings = {
				ALWAYS_SEARCH_USER_PATHS = NO;
				CLANG_ANALYZER_NONNULL = YES;
				CLANG_ANALYZER_NUMBER_OBJECT_CONVERSION = YES_AGGRESSIVE;
				CLANG_CXX_LANGUAGE_STANDARD = "gnu++14";
				CLANG_CXX_LIBRARY = "libc++";
				CLANG_ENABLE_MODULES = YES;
				CLANG_ENABLE_OBJC_ARC = YES;
				CLANG_ENABLE_OBJC_WEAK = YES;
				CLANG_WARN_BLOCK_CAPTURE_AUTORELEASING = YES;
				CLANG_WARN_BOOL_CONVERSION = YES;
				CLANG_WARN_COMMA = YES;
				CLANG_WARN_CONSTANT_CONVERSION = YES;
				CLANG_WARN_DEPRECATED_OBJC_IMPLEMENTATIONS = YES;
				CLANG_WARN_DIRECT_OBJC_ISA_USAGE = YES_ERROR;
				CLANG_WARN_DOCUMENTATION_COMMENTS = YES;
				CLANG_WARN_EMPTY_BODY = YES;
				CLANG_WARN_ENUM_CONVERSION = YES;
				CLANG_WARN_INFINITE_RECURSION = YES;
				CLANG_WARN_INT_CONVERSION = YES;
				CLANG_WARN_NON_LITERAL_NULL_CONVERSION = YES;
				CLANG_WARN_OBJC_IMPLICIT_RETAIN_SELF = YES;
				CLANG_WARN_OBJC_LITERAL_CONVERSION = YES;
				CLANG_WARN_OBJC_ROOT_CLASS = YES_ERROR;
				CLANG_WARN_QUOTED_INCLUDE_IN_FRAMEWORK_HEADER = YES;
				CLANG_WARN_RANGE_LOOP_ANALYSIS = YES;
				CLANG_WARN_STRICT_PROTOTYPES = YES;
				CLANG_WARN_SUSPICIOUS_MOVE = YES;
				CLANG_WARN_UNGUARDED_AVAILABILITY = YES_AGGRESSIVE;
				CLANG_WARN_UNREACHABLE_CODE = YES;
				CLANG_WARN__DUPLICATE_METHOD_MATCH = YES;
				COPY_PHASE_STRIP = NO;
				DEBUG_INFORMATION_FORMAT = "dwarf-with-dsym";
				ENABLE_NS_ASSERTIONS = NO;
				ENABLE_STRICT_OBJC_MSGSEND = YES;
				GCC_C_LANGUAGE_STANDARD = gnu11;
				GCC_NO_COMMON_BLOCKS = YES;
				GCC_WARN_64_TO_32_BIT_CONVERSION = YES;
				GCC_WARN_ABOUT_RETURN_TYPE = YES_ERROR;
				GCC_WARN_UNDECLARED_SELECTOR = YES;
				GCC_WARN_UNINITIALIZED_AUTOS = YES_AGGRESSIVE;
				GCC_WARN_UNUSED_FUNCTION = YES;
				GCC_WARN_UNUSED_VARIABLE = YES;
				IPHONEOS_DEPLOYMENT_TARGET = 14.5;
				MTL_ENABLE_DEBUG_INFO = NO;
				MTL_FAST_MATH = YES;
				SDKROOT = iphoneos;
				SWIFT_COMPILATION_MODE = wholemodule;
				SWIFT_OPTIMIZATION_LEVEL = "-O";
				VALIDATE_PRODUCT = YES;
			};
			name = Release;
		};
		7A7DB00126C770E600ACF075 /* Debug */ = {
			isa = XCBuildConfiguration;
			buildSettings = {
				ASSETCATALOG_COMPILER_APPICON_NAME = AppIcon;
				ASSETCATALOG_COMPILER_GLOBAL_ACCENT_COLOR_NAME = AccentColor;
				CODE_SIGN_STYLE = Automatic;
				DEVELOPMENT_ASSET_PATHS = "\"homeWork3.6/Preview Content\"";
				DEVELOPMENT_TEAM = J3726986L3;
				ENABLE_PREVIEWS = YES;
				INFOPLIST_FILE = homeWork3.6/Info.plist;
				IPHONEOS_DEPLOYMENT_TARGET = 14.0;
				LD_RUNPATH_SEARCH_PATHS = (
					"$(inherited)",
					"@executable_path/Frameworks",
				);
				PRODUCT_BUNDLE_IDENTIFIER = "Melasha.homeWork3-6";
				PRODUCT_NAME = "$(TARGET_NAME)";
				SWIFT_VERSION = 5.0;
				TARGETED_DEVICE_FAMILY = "1,2";
			};
			name = Debug;
		};
		7A7DB00226C770E600ACF075 /* Release */ = {
			isa = XCBuildConfiguration;
			buildSettings = {
				ASSETCATALOG_COMPILER_APPICON_NAME = AppIcon;
				ASSETCATALOG_COMPILER_GLOBAL_ACCENT_COLOR_NAME = AccentColor;
				CODE_SIGN_STYLE = Automatic;
				DEVELOPMENT_ASSET_PATHS = "\"homeWork3.6/Preview Content\"";
				DEVELOPMENT_TEAM = J3726986L3;
				ENABLE_PREVIEWS = YES;
				INFOPLIST_FILE = homeWork3.6/Info.plist;
				IPHONEOS_DEPLOYMENT_TARGET = 14.0;
				LD_RUNPATH_SEARCH_PATHS = (
					"$(inherited)",
					"@executable_path/Frameworks",
				);
				PRODUCT_BUNDLE_IDENTIFIER = "Melasha.homeWork3-6";
				PRODUCT_NAME = "$(TARGET_NAME)";
				SWIFT_VERSION = 5.0;
				TARGETED_DEVICE_FAMILY = "1,2";
			};
			name = Release;
		};
/* End XCBuildConfiguration section */

/* Begin XCConfigurationList section */
		7A7DAFEC26C770E300ACF075 /* Build configuration list for PBXProject "homeWork3.6" */ = {
			isa = XCConfigurationList;
			buildConfigurations = (
				7A7DAFFE26C770E600ACF075 /* Debug */,
				7A7DAFFF26C770E600ACF075 /* Release */,
			);
			defaultConfigurationIsVisible = 0;
			defaultConfigurationName = Release;
		};
		7A7DB00026C770E600ACF075 /* Build configuration list for PBXNativeTarget "homeWork3.6" */ = {
			isa = XCConfigurationList;
			buildConfigurations = (
				7A7DB00126C770E600ACF075 /* Debug */,
				7A7DB00226C770E600ACF075 /* Release */,
			);
			defaultConfigurationIsVisible = 0;
			defaultConfigurationName = Release;
		};
/* End XCConfigurationList section */
	};
	rootObject = 7A7DAFE926C770E300ACF075 /* Project object */;
}
